// !$*UTF8*$!
{
	archiveVersion = 1;
	classes = {
	};
	objectVersion = 54;
	objects = {

/* Begin PBXBuildFile section */
		761FCCD72970F826000C46E8 /* Tests_iOS.swift in Sources */ = {isa = PBXBuildFile; fileRef = 761FCCD62970F826000C46E8 /* Tests_iOS.swift */; };
		761FCCE22970F826000C46E8 /* Tests_macOS.swift in Sources */ = {isa = PBXBuildFile; fileRef = 761FCCE12970F826000C46E8 /* Tests_macOS.swift */; };
		761FCCE42970F826000C46E8 /* Metacritic_AppApp.swift in Sources */ = {isa = PBXBuildFile; fileRef = 761FCCBB2970F822000C46E8 /* Metacritic_AppApp.swift */; };
		761FCCE52970F826000C46E8 /* Metacritic_AppApp.swift in Sources */ = {isa = PBXBuildFile; fileRef = 761FCCBB2970F822000C46E8 /* Metacritic_AppApp.swift */; };
		761FCCE62970F826000C46E8 /* ContentView.swift in Sources */ = {isa = PBXBuildFile; fileRef = 761FCCBC2970F822000C46E8 /* ContentView.swift */; };
		761FCCE82970F826000C46E8 /* Assets.xcassets in Resources */ = {isa = PBXBuildFile; fileRef = 761FCCBD2970F826000C46E8 /* Assets.xcassets */; };
		761FCCE92970F826000C46E8 /* Assets.xcassets in Resources */ = {isa = PBXBuildFile; fileRef = 761FCCBD2970F826000C46E8 /* Assets.xcassets */; };
		762B3B872984A937005A41CB /* FavoriteButton.swift in Sources */ = {isa = PBXBuildFile; fileRef = 762B3B862984A937005A41CB /* FavoriteButton.swift */; };
		762B3B8B2984B2EF005A41CB /* CategoryHome.swift in Sources */ = {isa = PBXBuildFile; fileRef = 762B3B8A2984B2EF005A41CB /* CategoryHome.swift */; };
		762B3B8D2984B8BB005A41CB /* CategoryRow.swift in Sources */ = {isa = PBXBuildFile; fileRef = 762B3B8C2984B8BB005A41CB /* CategoryRow.swift */; };
		762B3B8F2984BBA1005A41CB /* CategoryItem.swift in Sources */ = {isa = PBXBuildFile; fileRef = 762B3B8E2984BBA1005A41CB /* CategoryItem.swift */; };
		762B3B932985FE23005A41CB /* Profile.swift in Sources */ = {isa = PBXBuildFile; fileRef = 762B3B922985FE23005A41CB /* Profile.swift */; };
		762B3B952985FF07005A41CB /* ProfileHost.swift in Sources */ = {isa = PBXBuildFile; fileRef = 762B3B942985FF07005A41CB /* ProfileHost.swift */; };
		762B3B972985FF4E005A41CB /* ProfileSummary.swift in Sources */ = {isa = PBXBuildFile; fileRef = 762B3B962985FF4E005A41CB /* ProfileSummary.swift */; };
		762B3B9929860115005A41CB /* HikeBadge.swift in Sources */ = {isa = PBXBuildFile; fileRef = 762B3B9829860115005A41CB /* HikeBadge.swift */; };
		76432EC52AA1742D0070CF4A /* TokenResponse.swift in Sources */ = {isa = PBXBuildFile; fileRef = 76432EC42AA1742D0070CF4A /* TokenResponse.swift */; };
		76432EC72AA1751F0070CF4A /* GamesResponse.swift in Sources */ = {isa = PBXBuildFile; fileRef = 76432EC62AA1751F0070CF4A /* GamesResponse.swift */; };
		76432EC92AA1807B0070CF4A /* GetTokenManager.swift in Sources */ = {isa = PBXBuildFile; fileRef = 76432EC82AA1807B0070CF4A /* GetTokenManager.swift */; };
		764F538C2AA2C2C200FD4A5F /* Keys.swift in Sources */ = {isa = PBXBuildFile; fileRef = 764F538B2AA2C2C200FD4A5F /* Keys.swift */; };
		764F538E2AA2C6D000FD4A5F /* .gitignore in Resources */ = {isa = PBXBuildFile; fileRef = 764F538D2AA2C6D000FD4A5F /* .gitignore */; };
		764F53902AA2D0C300FD4A5F /* MainView.swift in Sources */ = {isa = PBXBuildFile; fileRef = 764F538F2AA2D0C300FD4A5F /* MainView.swift */; };
		764F53922AA5702C00FD4A5F /* MainLoadingView.swift in Sources */ = {isa = PBXBuildFile; fileRef = 764F53912AA5702C00FD4A5F /* MainLoadingView.swift */; };
		764F53942AAEA00D00FD4A5F /* GameModel.swift in Sources */ = {isa = PBXBuildFile; fileRef = 764F53932AAEA00D00FD4A5F /* GameModel.swift */; };
		764F53962AB92E4B00FD4A5F /* GameRowItemView.swift in Sources */ = {isa = PBXBuildFile; fileRef = 764F53952AB92E4B00FD4A5F /* GameRowItemView.swift */; };
		7685B5DF2973140800313547 /* landmarkData.json in Resources */ = {isa = PBXBuildFile; fileRef = 7685B5DE2973140800313547 /* landmarkData.json */; };
		7685B5E12973143E00313547 /* Landmark.swift in Sources */ = {isa = PBXBuildFile; fileRef = 7685B5E02973143E00313547 /* Landmark.swift */; };
		7685B5E529732D7D00313547 /* ModelData.swift in Sources */ = {isa = PBXBuildFile; fileRef = 7685B5E429732D7D00313547 /* ModelData.swift */; };
		7685B5EA2973338A00313547 /* LandmarkRow.swift in Sources */ = {isa = PBXBuildFile; fileRef = 7685B5E92973338A00313547 /* LandmarkRow.swift */; };
		7685B5EC297337A600313547 /* LandmarkList.swift in Sources */ = {isa = PBXBuildFile; fileRef = 7685B5EB297337A600313547 /* LandmarkList.swift */; };
		7685B5EE29737BA000313547 /* LandmarkDetail.swift in Sources */ = {isa = PBXBuildFile; fileRef = 7685B5ED29737BA000313547 /* LandmarkDetail.swift */; };
		7685B5F029737C1A00313547 /* MapView.swift in Sources */ = {isa = PBXBuildFile; fileRef = 7685B5EF29737C1A00313547 /* MapView.swift */; };
		7685B5F229737C5700313547 /* CircleImage.swift in Sources */ = {isa = PBXBuildFile; fileRef = 7685B5F129737C5700313547 /* CircleImage.swift */; };
		76958AF02988A32C00468995 /* ProfileEditor.swift in Sources */ = {isa = PBXBuildFile; fileRef = 76958AEF2988A32C00468995 /* ProfileEditor.swift */; };
		76EFFFAD2AC277CE005D5C71 /* Poppins-BoldItalic.ttf in Resources */ = {isa = PBXBuildFile; fileRef = 76EFFF9B2AC277CC005D5C71 /* Poppins-BoldItalic.ttf */; };
		76EFFFAE2AC277CE005D5C71 /* Poppins-BoldItalic.ttf in Resources */ = {isa = PBXBuildFile; fileRef = 76EFFF9B2AC277CC005D5C71 /* Poppins-BoldItalic.ttf */; };
		76EFFFAF2AC277CE005D5C71 /* Poppins-MediumItalic.ttf in Resources */ = {isa = PBXBuildFile; fileRef = 76EFFF9C2AC277CC005D5C71 /* Poppins-MediumItalic.ttf */; };
		76EFFFB02AC277CE005D5C71 /* Poppins-MediumItalic.ttf in Resources */ = {isa = PBXBuildFile; fileRef = 76EFFF9C2AC277CC005D5C71 /* Poppins-MediumItalic.ttf */; };
		76EFFFB12AC277CE005D5C71 /* Poppins-Regular.ttf in Resources */ = {isa = PBXBuildFile; fileRef = 76EFFF9D2AC277CC005D5C71 /* Poppins-Regular.ttf */; };
		76EFFFB22AC277CE005D5C71 /* Poppins-Regular.ttf in Resources */ = {isa = PBXBuildFile; fileRef = 76EFFF9D2AC277CC005D5C71 /* Poppins-Regular.ttf */; };
		76EFFFB32AC277CE005D5C71 /* Poppins-BlackItalic.ttf in Resources */ = {isa = PBXBuildFile; fileRef = 76EFFF9E2AC277CC005D5C71 /* Poppins-BlackItalic.ttf */; };
		76EFFFB42AC277CE005D5C71 /* Poppins-BlackItalic.ttf in Resources */ = {isa = PBXBuildFile; fileRef = 76EFFF9E2AC277CC005D5C71 /* Poppins-BlackItalic.ttf */; };
		76EFFFB52AC277CE005D5C71 /* Poppins-Light.ttf in Resources */ = {isa = PBXBuildFile; fileRef = 76EFFF9F2AC277CD005D5C71 /* Poppins-Light.ttf */; };
		76EFFFB62AC277CE005D5C71 /* Poppins-Light.ttf in Resources */ = {isa = PBXBuildFile; fileRef = 76EFFF9F2AC277CD005D5C71 /* Poppins-Light.ttf */; };
		76EFFFB72AC277CE005D5C71 /* Poppins-SemiBold.ttf in Resources */ = {isa = PBXBuildFile; fileRef = 76EFFFA02AC277CD005D5C71 /* Poppins-SemiBold.ttf */; };
		76EFFFB82AC277CE005D5C71 /* Poppins-SemiBold.ttf in Resources */ = {isa = PBXBuildFile; fileRef = 76EFFFA02AC277CD005D5C71 /* Poppins-SemiBold.ttf */; };
		76EFFFB92AC277CE005D5C71 /* Poppins-ExtraBold.ttf in Resources */ = {isa = PBXBuildFile; fileRef = 76EFFFA12AC277CD005D5C71 /* Poppins-ExtraBold.ttf */; };
		76EFFFBA2AC277CE005D5C71 /* Poppins-ExtraBold.ttf in Resources */ = {isa = PBXBuildFile; fileRef = 76EFFFA12AC277CD005D5C71 /* Poppins-ExtraBold.ttf */; };
		76EFFFBB2AC277CE005D5C71 /* Poppins-ExtraBoldItalic.ttf in Resources */ = {isa = PBXBuildFile; fileRef = 76EFFFA22AC277CD005D5C71 /* Poppins-ExtraBoldItalic.ttf */; };
		76EFFFBC2AC277CE005D5C71 /* Poppins-ExtraBoldItalic.ttf in Resources */ = {isa = PBXBuildFile; fileRef = 76EFFFA22AC277CD005D5C71 /* Poppins-ExtraBoldItalic.ttf */; };
		76EFFFBD2AC277CE005D5C71 /* Poppins-SemiBoldItalic.ttf in Resources */ = {isa = PBXBuildFile; fileRef = 76EFFFA32AC277CD005D5C71 /* Poppins-SemiBoldItalic.ttf */; };
		76EFFFBE2AC277CE005D5C71 /* Poppins-SemiBoldItalic.ttf in Resources */ = {isa = PBXBuildFile; fileRef = 76EFFFA32AC277CD005D5C71 /* Poppins-SemiBoldItalic.ttf */; };
		76EFFFBF2AC277CE005D5C71 /* Poppins-Medium.ttf in Resources */ = {isa = PBXBuildFile; fileRef = 76EFFFA42AC277CD005D5C71 /* Poppins-Medium.ttf */; };
		76EFFFC02AC277CE005D5C71 /* Poppins-Medium.ttf in Resources */ = {isa = PBXBuildFile; fileRef = 76EFFFA42AC277CD005D5C71 /* Poppins-Medium.ttf */; };
		76EFFFC12AC277CE005D5C71 /* Poppins-ExtraLight.ttf in Resources */ = {isa = PBXBuildFile; fileRef = 76EFFFA52AC277CD005D5C71 /* Poppins-ExtraLight.ttf */; };
		76EFFFC22AC277CE005D5C71 /* Poppins-ExtraLight.ttf in Resources */ = {isa = PBXBuildFile; fileRef = 76EFFFA52AC277CD005D5C71 /* Poppins-ExtraLight.ttf */; };
		76EFFFC32AC277CE005D5C71 /* Poppins-ThinItalic.ttf in Resources */ = {isa = PBXBuildFile; fileRef = 76EFFFA62AC277CD005D5C71 /* Poppins-ThinItalic.ttf */; };
		76EFFFC42AC277CE005D5C71 /* Poppins-ThinItalic.ttf in Resources */ = {isa = PBXBuildFile; fileRef = 76EFFFA62AC277CD005D5C71 /* Poppins-ThinItalic.ttf */; };
		76EFFFC52AC277CE005D5C71 /* Poppins-Italic.ttf in Resources */ = {isa = PBXBuildFile; fileRef = 76EFFFA72AC277CE005D5C71 /* Poppins-Italic.ttf */; };
		76EFFFC62AC277CE005D5C71 /* Poppins-Italic.ttf in Resources */ = {isa = PBXBuildFile; fileRef = 76EFFFA72AC277CE005D5C71 /* Poppins-Italic.ttf */; };
		76EFFFC72AC277CE005D5C71 /* Poppins-LightItalic.ttf in Resources */ = {isa = PBXBuildFile; fileRef = 76EFFFA82AC277CE005D5C71 /* Poppins-LightItalic.ttf */; };
		76EFFFC82AC277CE005D5C71 /* Poppins-LightItalic.ttf in Resources */ = {isa = PBXBuildFile; fileRef = 76EFFFA82AC277CE005D5C71 /* Poppins-LightItalic.ttf */; };
		76EFFFC92AC277CE005D5C71 /* Poppins-ExtraLightItalic.ttf in Resources */ = {isa = PBXBuildFile; fileRef = 76EFFFA92AC277CE005D5C71 /* Poppins-ExtraLightItalic.ttf */; };
		76EFFFCA2AC277CE005D5C71 /* Poppins-ExtraLightItalic.ttf in Resources */ = {isa = PBXBuildFile; fileRef = 76EFFFA92AC277CE005D5C71 /* Poppins-ExtraLightItalic.ttf */; };
		76EFFFCB2AC277CE005D5C71 /* Poppins-Bold.ttf in Resources */ = {isa = PBXBuildFile; fileRef = 76EFFFAA2AC277CE005D5C71 /* Poppins-Bold.ttf */; };
		76EFFFCC2AC277CE005D5C71 /* Poppins-Bold.ttf in Resources */ = {isa = PBXBuildFile; fileRef = 76EFFFAA2AC277CE005D5C71 /* Poppins-Bold.ttf */; };
		76EFFFCD2AC277CE005D5C71 /* Poppins-Thin.ttf in Resources */ = {isa = PBXBuildFile; fileRef = 76EFFFAB2AC277CE005D5C71 /* Poppins-Thin.ttf */; };
		76EFFFCE2AC277CE005D5C71 /* Poppins-Thin.ttf in Resources */ = {isa = PBXBuildFile; fileRef = 76EFFFAB2AC277CE005D5C71 /* Poppins-Thin.ttf */; };
		76EFFFCF2AC277CE005D5C71 /* Poppins-Black.ttf in Resources */ = {isa = PBXBuildFile; fileRef = 76EFFFAC2AC277CE005D5C71 /* Poppins-Black.ttf */; };
		76EFFFD02AC277CE005D5C71 /* Poppins-Black.ttf in Resources */ = {isa = PBXBuildFile; fileRef = 76EFFFAC2AC277CE005D5C71 /* Poppins-Black.ttf */; };
/* End PBXBuildFile section */

/* Begin PBXContainerItemProxy section */
		761FCCD32970F826000C46E8 /* PBXContainerItemProxy */ = {
			isa = PBXContainerItemProxy;
			containerPortal = 761FCCB62970F821000C46E8 /* Project object */;
			proxyType = 1;
			remoteGlobalIDString = 761FCCC12970F826000C46E8;
			remoteInfo = "Metacritic App (iOS)";
		};
		761FCCDE2970F826000C46E8 /* PBXContainerItemProxy */ = {
			isa = PBXContainerItemProxy;
			containerPortal = 761FCCB62970F821000C46E8 /* Project object */;
			proxyType = 1;
			remoteGlobalIDString = 761FCCC92970F826000C46E8;
			remoteInfo = "Metacritic App (macOS)";
		};
/* End PBXContainerItemProxy section */

/* Begin PBXFileReference section */
		761FCCBB2970F822000C46E8 /* Metacritic_AppApp.swift */ = {isa = PBXFileReference; lastKnownFileType = sourcecode.swift; path = Metacritic_AppApp.swift; sourceTree = "<group>"; };
		761FCCBC2970F822000C46E8 /* ContentView.swift */ = {isa = PBXFileReference; lastKnownFileType = sourcecode.swift; path = ContentView.swift; sourceTree = "<group>"; };
		761FCCBD2970F826000C46E8 /* Assets.xcassets */ = {isa = PBXFileReference; lastKnownFileType = folder.assetcatalog; path = Assets.xcassets; sourceTree = "<group>"; };
		761FCCC22970F826000C46E8 /* Metacritic App.app */ = {isa = PBXFileReference; explicitFileType = wrapper.application; includeInIndex = 0; path = "Metacritic App.app"; sourceTree = BUILT_PRODUCTS_DIR; };
		761FCCC52970F826000C46E8 /* Info.plist */ = {isa = PBXFileReference; lastKnownFileType = text.plist.xml; path = Info.plist; sourceTree = "<group>"; };
		761FCCCA2970F826000C46E8 /* Metacritic App.app */ = {isa = PBXFileReference; explicitFileType = wrapper.application; includeInIndex = 0; path = "Metacritic App.app"; sourceTree = BUILT_PRODUCTS_DIR; };
		761FCCCC2970F826000C46E8 /* Info.plist */ = {isa = PBXFileReference; lastKnownFileType = text.plist.xml; path = Info.plist; sourceTree = "<group>"; };
		761FCCCD2970F826000C46E8 /* macOS.entitlements */ = {isa = PBXFileReference; lastKnownFileType = text.plist.entitlements; path = macOS.entitlements; sourceTree = "<group>"; };
		761FCCD22970F826000C46E8 /* Tests iOS.xctest */ = {isa = PBXFileReference; explicitFileType = wrapper.cfbundle; includeInIndex = 0; path = "Tests iOS.xctest"; sourceTree = BUILT_PRODUCTS_DIR; };
		761FCCD62970F826000C46E8 /* Tests_iOS.swift */ = {isa = PBXFileReference; lastKnownFileType = sourcecode.swift; path = Tests_iOS.swift; sourceTree = "<group>"; };
		761FCCD82970F826000C46E8 /* Info.plist */ = {isa = PBXFileReference; lastKnownFileType = text.plist.xml; path = Info.plist; sourceTree = "<group>"; };
		761FCCDD2970F826000C46E8 /* Tests macOS.xctest */ = {isa = PBXFileReference; explicitFileType = wrapper.cfbundle; includeInIndex = 0; path = "Tests macOS.xctest"; sourceTree = BUILT_PRODUCTS_DIR; };
		761FCCE12970F826000C46E8 /* Tests_macOS.swift */ = {isa = PBXFileReference; lastKnownFileType = sourcecode.swift; path = Tests_macOS.swift; sourceTree = "<group>"; };
		761FCCE32970F826000C46E8 /* Info.plist */ = {isa = PBXFileReference; lastKnownFileType = text.plist.xml; path = Info.plist; sourceTree = "<group>"; };
		762B3B862984A937005A41CB /* FavoriteButton.swift */ = {isa = PBXFileReference; lastKnownFileType = sourcecode.swift; path = FavoriteButton.swift; sourceTree = "<group>"; };
		762B3B8A2984B2EF005A41CB /* CategoryHome.swift */ = {isa = PBXFileReference; lastKnownFileType = sourcecode.swift; name = CategoryHome.swift; path = Shared/Views/CategoryHome.swift; sourceTree = SOURCE_ROOT; };
		762B3B8C2984B8BB005A41CB /* CategoryRow.swift */ = {isa = PBXFileReference; lastKnownFileType = sourcecode.swift; path = CategoryRow.swift; sourceTree = "<group>"; };
		762B3B8E2984BBA1005A41CB /* CategoryItem.swift */ = {isa = PBXFileReference; lastKnownFileType = sourcecode.swift; path = CategoryItem.swift; sourceTree = "<group>"; };
		762B3B922985FE23005A41CB /* Profile.swift */ = {isa = PBXFileReference; lastKnownFileType = sourcecode.swift; path = Profile.swift; sourceTree = "<group>"; };
		762B3B942985FF07005A41CB /* ProfileHost.swift */ = {isa = PBXFileReference; lastKnownFileType = sourcecode.swift; path = ProfileHost.swift; sourceTree = "<group>"; };
		762B3B962985FF4E005A41CB /* ProfileSummary.swift */ = {isa = PBXFileReference; lastKnownFileType = sourcecode.swift; path = ProfileSummary.swift; sourceTree = "<group>"; };
		762B3B9829860115005A41CB /* HikeBadge.swift */ = {isa = PBXFileReference; lastKnownFileType = sourcecode.swift; path = HikeBadge.swift; sourceTree = "<group>"; };
		76432EC42AA1742D0070CF4A /* TokenResponse.swift */ = {isa = PBXFileReference; lastKnownFileType = sourcecode.swift; path = TokenResponse.swift; sourceTree = "<group>"; };
		76432EC62AA1751F0070CF4A /* GamesResponse.swift */ = {isa = PBXFileReference; lastKnownFileType = sourcecode.swift; path = GamesResponse.swift; sourceTree = "<group>"; };
		76432EC82AA1807B0070CF4A /* GetTokenManager.swift */ = {isa = PBXFileReference; lastKnownFileType = sourcecode.swift; path = GetTokenManager.swift; sourceTree = "<group>"; };
		764F538B2AA2C2C200FD4A5F /* Keys.swift */ = {isa = PBXFileReference; lastKnownFileType = sourcecode.swift; path = Keys.swift; sourceTree = "<group>"; };
		764F538D2AA2C6D000FD4A5F /* .gitignore */ = {isa = PBXFileReference; lastKnownFileType = text; path = .gitignore; sourceTree = "<group>"; };
		764F538F2AA2D0C300FD4A5F /* MainView.swift */ = {isa = PBXFileReference; lastKnownFileType = sourcecode.swift; path = MainView.swift; sourceTree = "<group>"; };
		764F53912AA5702C00FD4A5F /* MainLoadingView.swift */ = {isa = PBXFileReference; lastKnownFileType = sourcecode.swift; path = MainLoadingView.swift; sourceTree = "<group>"; };
		764F53932AAEA00D00FD4A5F /* GameModel.swift */ = {isa = PBXFileReference; lastKnownFileType = sourcecode.swift; path = GameModel.swift; sourceTree = "<group>"; };
		764F53952AB92E4B00FD4A5F /* GameRowItemView.swift */ = {isa = PBXFileReference; lastKnownFileType = sourcecode.swift; path = GameRowItemView.swift; sourceTree = "<group>"; };
		7685B5DE2973140800313547 /* landmarkData.json */ = {isa = PBXFileReference; fileEncoding = 4; lastKnownFileType = text.json; path = landmarkData.json; sourceTree = "<group>"; };
		7685B5E02973143E00313547 /* Landmark.swift */ = {isa = PBXFileReference; lastKnownFileType = sourcecode.swift; path = Landmark.swift; sourceTree = "<group>"; };
		7685B5E429732D7D00313547 /* ModelData.swift */ = {isa = PBXFileReference; lastKnownFileType = sourcecode.swift; path = ModelData.swift; sourceTree = "<group>"; };
		7685B5E92973338A00313547 /* LandmarkRow.swift */ = {isa = PBXFileReference; lastKnownFileType = sourcecode.swift; path = LandmarkRow.swift; sourceTree = "<group>"; };
		7685B5EB297337A600313547 /* LandmarkList.swift */ = {isa = PBXFileReference; lastKnownFileType = sourcecode.swift; path = LandmarkList.swift; sourceTree = "<group>"; };
		7685B5ED29737BA000313547 /* LandmarkDetail.swift */ = {isa = PBXFileReference; lastKnownFileType = sourcecode.swift; path = LandmarkDetail.swift; sourceTree = "<group>"; };
		7685B5EF29737C1A00313547 /* MapView.swift */ = {isa = PBXFileReference; lastKnownFileType = sourcecode.swift; path = MapView.swift; sourceTree = "<group>"; };
		7685B5F129737C5700313547 /* CircleImage.swift */ = {isa = PBXFileReference; lastKnownFileType = sourcecode.swift; path = CircleImage.swift; sourceTree = "<group>"; };
		76958AEF2988A32C00468995 /* ProfileEditor.swift */ = {isa = PBXFileReference; lastKnownFileType = sourcecode.swift; path = ProfileEditor.swift; sourceTree = "<group>"; };
		76EFFF9B2AC277CC005D5C71 /* Poppins-BoldItalic.ttf */ = {isa = PBXFileReference; lastKnownFileType = file; path = "Poppins-BoldItalic.ttf"; sourceTree = "<group>"; };
		76EFFF9C2AC277CC005D5C71 /* Poppins-MediumItalic.ttf */ = {isa = PBXFileReference; lastKnownFileType = file; path = "Poppins-MediumItalic.ttf"; sourceTree = "<group>"; };
		76EFFF9D2AC277CC005D5C71 /* Poppins-Regular.ttf */ = {isa = PBXFileReference; lastKnownFileType = file; path = "Poppins-Regular.ttf"; sourceTree = "<group>"; };
		76EFFF9E2AC277CC005D5C71 /* Poppins-BlackItalic.ttf */ = {isa = PBXFileReference; lastKnownFileType = file; path = "Poppins-BlackItalic.ttf"; sourceTree = "<group>"; };
		76EFFF9F2AC277CD005D5C71 /* Poppins-Light.ttf */ = {isa = PBXFileReference; lastKnownFileType = file; path = "Poppins-Light.ttf"; sourceTree = "<group>"; };
		76EFFFA02AC277CD005D5C71 /* Poppins-SemiBold.ttf */ = {isa = PBXFileReference; lastKnownFileType = file; path = "Poppins-SemiBold.ttf"; sourceTree = "<group>"; };
		76EFFFA12AC277CD005D5C71 /* Poppins-ExtraBold.ttf */ = {isa = PBXFileReference; lastKnownFileType = file; path = "Poppins-ExtraBold.ttf"; sourceTree = "<group>"; };
		76EFFFA22AC277CD005D5C71 /* Poppins-ExtraBoldItalic.ttf */ = {isa = PBXFileReference; lastKnownFileType = file; path = "Poppins-ExtraBoldItalic.ttf"; sourceTree = "<group>"; };
		76EFFFA32AC277CD005D5C71 /* Poppins-SemiBoldItalic.ttf */ = {isa = PBXFileReference; lastKnownFileType = file; path = "Poppins-SemiBoldItalic.ttf"; sourceTree = "<group>"; };
		76EFFFA42AC277CD005D5C71 /* Poppins-Medium.ttf */ = {isa = PBXFileReference; lastKnownFileType = file; path = "Poppins-Medium.ttf"; sourceTree = "<group>"; };
		76EFFFA52AC277CD005D5C71 /* Poppins-ExtraLight.ttf */ = {isa = PBXFileReference; lastKnownFileType = file; path = "Poppins-ExtraLight.ttf"; sourceTree = "<group>"; };
		76EFFFA62AC277CD005D5C71 /* Poppins-ThinItalic.ttf */ = {isa = PBXFileReference; lastKnownFileType = file; path = "Poppins-ThinItalic.ttf"; sourceTree = "<group>"; };
		76EFFFA72AC277CE005D5C71 /* Poppins-Italic.ttf */ = {isa = PBXFileReference; lastKnownFileType = file; path = "Poppins-Italic.ttf"; sourceTree = "<group>"; };
		76EFFFA82AC277CE005D5C71 /* Poppins-LightItalic.ttf */ = {isa = PBXFileReference; lastKnownFileType = file; path = "Poppins-LightItalic.ttf"; sourceTree = "<group>"; };
		76EFFFA92AC277CE005D5C71 /* Poppins-ExtraLightItalic.ttf */ = {isa = PBXFileReference; lastKnownFileType = file; path = "Poppins-ExtraLightItalic.ttf"; sourceTree = "<group>"; };
		76EFFFAA2AC277CE005D5C71 /* Poppins-Bold.ttf */ = {isa = PBXFileReference; lastKnownFileType = file; path = "Poppins-Bold.ttf"; sourceTree = "<group>"; };
		76EFFFAB2AC277CE005D5C71 /* Poppins-Thin.ttf */ = {isa = PBXFileReference; lastKnownFileType = file; path = "Poppins-Thin.ttf"; sourceTree = "<group>"; };
		76EFFFAC2AC277CE005D5C71 /* Poppins-Black.ttf */ = {isa = PBXFileReference; lastKnownFileType = file; path = "Poppins-Black.ttf"; sourceTree = "<group>"; };
/* End PBXFileReference section */

/* Begin PBXFrameworksBuildPhase section */
		761FCCBF2970F826000C46E8 /* Frameworks */ = {
			isa = PBXFrameworksBuildPhase;
			buildActionMask = 2147483647;
			files = (
			);
			runOnlyForDeploymentPostprocessing = 0;
		};
		761FCCC72970F826000C46E8 /* Frameworks */ = {
			isa = PBXFrameworksBuildPhase;
			buildActionMask = 2147483647;
			files = (
			);
			runOnlyForDeploymentPostprocessing = 0;
		};
		761FCCCF2970F826000C46E8 /* Frameworks */ = {
			isa = PBXFrameworksBuildPhase;
			buildActionMask = 2147483647;
			files = (
			);
			runOnlyForDeploymentPostprocessing = 0;
		};
		761FCCDA2970F826000C46E8 /* Frameworks */ = {
			isa = PBXFrameworksBuildPhase;
			buildActionMask = 2147483647;
			files = (
			);
			runOnlyForDeploymentPostprocessing = 0;
		};
/* End PBXFrameworksBuildPhase section */

/* Begin PBXGroup section */
		761FCCB52970F821000C46E8 = {
			isa = PBXGroup;
			children = (
				764F538D2AA2C6D000FD4A5F /* .gitignore */,
				761FCCBA2970F822000C46E8 /* Shared */,
				761FCCC42970F826000C46E8 /* iOS */,
				761FCCCB2970F826000C46E8 /* macOS */,
				761FCCD52970F826000C46E8 /* Tests iOS */,
				761FCCE02970F826000C46E8 /* Tests macOS */,
				761FCCC32970F826000C46E8 /* Products */,
			);
			sourceTree = "<group>";
		};
		761FCCBA2970F822000C46E8 /* Shared */ = {
			isa = PBXGroup;
			children = (
				76EFFFD22AC27A6F005D5C71 /* Fonts */,
				7685B5E82973337500313547 /* Views */,
				761FCCBB2970F822000C46E8 /* Metacritic_AppApp.swift */,
				7685B5E7297330EE00313547 /* Resources */,
				7685B5E6297330B500313547 /* Model */,
				761FCCBD2970F826000C46E8 /* Assets.xcassets */,
			);
			path = Shared;
			sourceTree = "<group>";
		};
		761FCCC32970F826000C46E8 /* Products */ = {
			isa = PBXGroup;
			children = (
				761FCCC22970F826000C46E8 /* Metacritic App.app */,
				761FCCCA2970F826000C46E8 /* Metacritic App.app */,
				761FCCD22970F826000C46E8 /* Tests iOS.xctest */,
				761FCCDD2970F826000C46E8 /* Tests macOS.xctest */,
			);
			name = Products;
			sourceTree = "<group>";
		};
		761FCCC42970F826000C46E8 /* iOS */ = {
			isa = PBXGroup;
			children = (
				761FCCC52970F826000C46E8 /* Info.plist */,
			);
			path = iOS;
			sourceTree = "<group>";
		};
		761FCCCB2970F826000C46E8 /* macOS */ = {
			isa = PBXGroup;
			children = (
				761FCCCC2970F826000C46E8 /* Info.plist */,
				761FCCCD2970F826000C46E8 /* macOS.entitlements */,
			);
			path = macOS;
			sourceTree = "<group>";
		};
		761FCCD52970F826000C46E8 /* Tests iOS */ = {
			isa = PBXGroup;
			children = (
				761FCCD62970F826000C46E8 /* Tests_iOS.swift */,
				761FCCD82970F826000C46E8 /* Info.plist */,
			);
			path = "Tests iOS";
			sourceTree = "<group>";
		};
		761FCCE02970F826000C46E8 /* Tests macOS */ = {
			isa = PBXGroup;
			children = (
				761FCCE12970F826000C46E8 /* Tests_macOS.swift */,
				761FCCE32970F826000C46E8 /* Info.plist */,
			);
			path = "Tests macOS";
			sourceTree = "<group>";
		};
		762B3B882984AB4F005A41CB /* Landmarks */ = {
			isa = PBXGroup;
			children = (
				7685B5E92973338A00313547 /* LandmarkRow.swift */,
				7685B5EB297337A600313547 /* LandmarkList.swift */,
				7685B5ED29737BA000313547 /* LandmarkDetail.swift */,
				762B3B8A2984B2EF005A41CB /* CategoryHome.swift */,
				762B3B8C2984B8BB005A41CB /* CategoryRow.swift */,
				762B3B8E2984BBA1005A41CB /* CategoryItem.swift */,
				762B3B942985FF07005A41CB /* ProfileHost.swift */,
				762B3B962985FF4E005A41CB /* ProfileSummary.swift */,
				76958AEF2988A32C00468995 /* ProfileEditor.swift */,
			);
			path = Landmarks;
			sourceTree = "<group>";
		};
		762B3B892984AB9D005A41CB /* Helpers */ = {
			isa = PBXGroup;
			children = (
				7685B5EF29737C1A00313547 /* MapView.swift */,
				7685B5F129737C5700313547 /* CircleImage.swift */,
				762B3B862984A937005A41CB /* FavoriteButton.swift */,
				762B3B9829860115005A41CB /* HikeBadge.swift */,
			);
			path = Helpers;
			sourceTree = "<group>";
		};
		7685B5E6297330B500313547 /* Model */ = {
			isa = PBXGroup;
			children = (
				7685B5E429732D7D00313547 /* ModelData.swift */,
				7685B5E02973143E00313547 /* Landmark.swift */,
				762B3B922985FE23005A41CB /* Profile.swift */,
				76432EC42AA1742D0070CF4A /* TokenResponse.swift */,
				76432EC62AA1751F0070CF4A /* GamesResponse.swift */,
				76432EC82AA1807B0070CF4A /* GetTokenManager.swift */,
				764F538B2AA2C2C200FD4A5F /* Keys.swift */,
				764F53932AAEA00D00FD4A5F /* GameModel.swift */,
			);
			path = Model;
			sourceTree = "<group>";
		};
		7685B5E7297330EE00313547 /* Resources */ = {
			isa = PBXGroup;
			children = (
				7685B5DE2973140800313547 /* landmarkData.json */,
			);
			path = Resources;
			sourceTree = "<group>";
		};
		7685B5E82973337500313547 /* Views */ = {
			isa = PBXGroup;
			children = (
				761FCCBC2970F822000C46E8 /* ContentView.swift */,
				764F538F2AA2D0C300FD4A5F /* MainView.swift */,
				762B3B882984AB4F005A41CB /* Landmarks */,
				762B3B892984AB9D005A41CB /* Helpers */,
				764F53912AA5702C00FD4A5F /* MainLoadingView.swift */,
				764F53952AB92E4B00FD4A5F /* GameRowItemView.swift */,
			);
			path = Views;
			sourceTree = "<group>";
		};
		76EFFFD22AC27A6F005D5C71 /* Fonts */ = {
			isa = PBXGroup;
			children = (
				76EFFFAC2AC277CE005D5C71 /* Poppins-Black.ttf */,
				76EFFF9E2AC277CC005D5C71 /* Poppins-BlackItalic.ttf */,
				76EFFFAA2AC277CE005D5C71 /* Poppins-Bold.ttf */,
				76EFFF9B2AC277CC005D5C71 /* Poppins-BoldItalic.ttf */,
				76EFFFA22AC277CD005D5C71 /* Poppins-ExtraBoldItalic.ttf */,
				76EFFFA52AC277CD005D5C71 /* Poppins-ExtraLight.ttf */,
				76EFFFA92AC277CE005D5C71 /* Poppins-ExtraLightItalic.ttf */,
				76EFFFA72AC277CE005D5C71 /* Poppins-Italic.ttf */,
				76EFFF9F2AC277CD005D5C71 /* Poppins-Light.ttf */,
				76EFFFA42AC277CD005D5C71 /* Poppins-Medium.ttf */,
				76EFFF9C2AC277CC005D5C71 /* Poppins-MediumItalic.ttf */,
				76EFFF9D2AC277CC005D5C71 /* Poppins-Regular.ttf */,
				76EFFFA02AC277CD005D5C71 /* Poppins-SemiBold.ttf */,
				76EFFFA82AC277CE005D5C71 /* Poppins-LightItalic.ttf */,
				76EFFFA32AC277CD005D5C71 /* Poppins-SemiBoldItalic.ttf */,
				76EFFFAB2AC277CE005D5C71 /* Poppins-Thin.ttf */,
				76EFFFA62AC277CD005D5C71 /* Poppins-ThinItalic.ttf */,
				76EFFFA12AC277CD005D5C71 /* Poppins-ExtraBold.ttf */,
			);
			path = Fonts;
			sourceTree = "<group>";
		};
/* End PBXGroup section */

/* Begin PBXNativeTarget section */
		761FCCC12970F826000C46E8 /* Metacritic App (iOS) */ = {
			isa = PBXNativeTarget;
			buildConfigurationList = 761FCCEC2970F826000C46E8 /* Build configuration list for PBXNativeTarget "Metacritic App (iOS)" */;
			buildPhases = (
				761FCCBE2970F826000C46E8 /* Sources */,
				761FCCBF2970F826000C46E8 /* Frameworks */,
				761FCCC02970F826000C46E8 /* Resources */,
			);
			buildRules = (
			);
			dependencies = (
			);
			name = "Metacritic App (iOS)";
			productName = "Metacritic App (iOS)";
			productReference = 761FCCC22970F826000C46E8 /* Metacritic App.app */;
			productType = "com.apple.product-type.application";
		};
		761FCCC92970F826000C46E8 /* Metacritic App (macOS) */ = {
			isa = PBXNativeTarget;
			buildConfigurationList = 761FCCEF2970F826000C46E8 /* Build configuration list for PBXNativeTarget "Metacritic App (macOS)" */;
			buildPhases = (
				761FCCC62970F826000C46E8 /* Sources */,
				761FCCC72970F826000C46E8 /* Frameworks */,
				761FCCC82970F826000C46E8 /* Resources */,
			);
			buildRules = (
			);
			dependencies = (
			);
			name = "Metacritic App (macOS)";
			productName = "Metacritic App (macOS)";
			productReference = 761FCCCA2970F826000C46E8 /* Metacritic App.app */;
			productType = "com.apple.product-type.application";
		};
		761FCCD12970F826000C46E8 /* Tests iOS */ = {
			isa = PBXNativeTarget;
			buildConfigurationList = 761FCCF22970F826000C46E8 /* Build configuration list for PBXNativeTarget "Tests iOS" */;
			buildPhases = (
				761FCCCE2970F826000C46E8 /* Sources */,
				761FCCCF2970F826000C46E8 /* Frameworks */,
				761FCCD02970F826000C46E8 /* Resources */,
			);
			buildRules = (
			);
			dependencies = (
				761FCCD42970F826000C46E8 /* PBXTargetDependency */,
			);
			name = "Tests iOS";
			productName = "Tests iOS";
			productReference = 761FCCD22970F826000C46E8 /* Tests iOS.xctest */;
			productType = "com.apple.product-type.bundle.ui-testing";
		};
		761FCCDC2970F826000C46E8 /* Tests macOS */ = {
			isa = PBXNativeTarget;
			buildConfigurationList = 761FCCF52970F826000C46E8 /* Build configuration list for PBXNativeTarget "Tests macOS" */;
			buildPhases = (
				761FCCD92970F826000C46E8 /* Sources */,
				761FCCDA2970F826000C46E8 /* Frameworks */,
				761FCCDB2970F826000C46E8 /* Resources */,
			);
			buildRules = (
			);
			dependencies = (
				761FCCDF2970F826000C46E8 /* PBXTargetDependency */,
			);
			name = "Tests macOS";
			productName = "Tests macOS";
			productReference = 761FCCDD2970F826000C46E8 /* Tests macOS.xctest */;
			productType = "com.apple.product-type.bundle.ui-testing";
		};
/* End PBXNativeTarget section */

/* Begin PBXProject section */
		761FCCB62970F821000C46E8 /* Project object */ = {
			isa = PBXProject;
			attributes = {
				BuildIndependentTargetsInParallel = YES;
				LastSwiftUpdateCheck = 1250;
				LastUpgradeCheck = 1500;
				TargetAttributes = {
					761FCCC12970F826000C46E8 = {
						CreatedOnToolsVersion = 12.5.1;
					};
					761FCCC92970F826000C46E8 = {
						CreatedOnToolsVersion = 12.5.1;
					};
					761FCCD12970F826000C46E8 = {
						CreatedOnToolsVersion = 12.5.1;
						TestTargetID = 761FCCC12970F826000C46E8;
					};
					761FCCDC2970F826000C46E8 = {
						CreatedOnToolsVersion = 12.5.1;
						TestTargetID = 761FCCC92970F826000C46E8;
					};
				};
			};
			buildConfigurationList = 761FCCB92970F821000C46E8 /* Build configuration list for PBXProject "Metacritic App" */;
			compatibilityVersion = "Xcode 9.3";
			developmentRegion = en;
			hasScannedForEncodings = 0;
			knownRegions = (
				en,
				Base,
			);
			mainGroup = 761FCCB52970F821000C46E8;
			productRefGroup = 761FCCC32970F826000C46E8 /* Products */;
			projectDirPath = "";
			projectRoot = "";
			targets = (
				761FCCC12970F826000C46E8 /* Metacritic App (iOS) */,
				761FCCC92970F826000C46E8 /* Metacritic App (macOS) */,
				761FCCD12970F826000C46E8 /* Tests iOS */,
				761FCCDC2970F826000C46E8 /* Tests macOS */,
			);
		};
/* End PBXProject section */

/* Begin PBXResourcesBuildPhase section */
		761FCCC02970F826000C46E8 /* Resources */ = {
			isa = PBXResourcesBuildPhase;
			buildActionMask = 2147483647;
			files = (
				76EFFFC72AC277CE005D5C71 /* Poppins-LightItalic.ttf in Resources */,
				761FCCE82970F826000C46E8 /* Assets.xcassets in Resources */,
				76EFFFB32AC277CE005D5C71 /* Poppins-BlackItalic.ttf in Resources */,
				76EFFFCF2AC277CE005D5C71 /* Poppins-Black.ttf in Resources */,
				764F538E2AA2C6D000FD4A5F /* .gitignore in Resources */,
				76EFFFBF2AC277CE005D5C71 /* Poppins-Medium.ttf in Resources */,
				76EFFFB52AC277CE005D5C71 /* Poppins-Light.ttf in Resources */,
				76EFFFCB2AC277CE005D5C71 /* Poppins-Bold.ttf in Resources */,
				7685B5DF2973140800313547 /* landmarkData.json in Resources */,
				76EFFFC12AC277CE005D5C71 /* Poppins-ExtraLight.ttf in Resources */,
				76EFFFCD2AC277CE005D5C71 /* Poppins-Thin.ttf in Resources */,
				76EFFFBD2AC277CE005D5C71 /* Poppins-SemiBoldItalic.ttf in Resources */,
				76EFFFB12AC277CE005D5C71 /* Poppins-Regular.ttf in Resources */,
				76EFFFBB2AC277CE005D5C71 /* Poppins-ExtraBoldItalic.ttf in Resources */,
				76EFFFC52AC277CE005D5C71 /* Poppins-Italic.ttf in Resources */,
				76EFFFC92AC277CE005D5C71 /* Poppins-ExtraLightItalic.ttf in Resources */,
				76EFFFB92AC277CE005D5C71 /* Poppins-ExtraBold.ttf in Resources */,
				76EFFFB72AC277CE005D5C71 /* Poppins-SemiBold.ttf in Resources */,
				76EFFFC32AC277CE005D5C71 /* Poppins-ThinItalic.ttf in Resources */,
				76EFFFAD2AC277CE005D5C71 /* Poppins-BoldItalic.ttf in Resources */,
				76EFFFAF2AC277CE005D5C71 /* Poppins-MediumItalic.ttf in Resources */,
			);
			runOnlyForDeploymentPostprocessing = 0;
		};
		761FCCC82970F826000C46E8 /* Resources */ = {
			isa = PBXResourcesBuildPhase;
			buildActionMask = 2147483647;
			files = (
				76EFFFCA2AC277CE005D5C71 /* Poppins-ExtraLightItalic.ttf in Resources */,
				76EFFFC22AC277CE005D5C71 /* Poppins-ExtraLight.ttf in Resources */,
				76EFFFC82AC277CE005D5C71 /* Poppins-LightItalic.ttf in Resources */,
				76EFFFCE2AC277CE005D5C71 /* Poppins-Thin.ttf in Resources */,
				761FCCE92970F826000C46E8 /* Assets.xcassets in Resources */,
				76EFFFD02AC277CE005D5C71 /* Poppins-Black.ttf in Resources */,
				76EFFFC62AC277CE005D5C71 /* Poppins-Italic.ttf in Resources */,
				76EFFFB82AC277CE005D5C71 /* Poppins-SemiBold.ttf in Resources */,
				76EFFFC02AC277CE005D5C71 /* Poppins-Medium.ttf in Resources */,
				76EFFFB62AC277CE005D5C71 /* Poppins-Light.ttf in Resources */,
				76EFFFBC2AC277CE005D5C71 /* Poppins-ExtraBoldItalic.ttf in Resources */,
				76EFFFB02AC277CE005D5C71 /* Poppins-MediumItalic.ttf in Resources */,
				76EFFFBE2AC277CE005D5C71 /* Poppins-SemiBoldItalic.ttf in Resources */,
				76EFFFBA2AC277CE005D5C71 /* Poppins-ExtraBold.ttf in Resources */,
				76EFFFCC2AC277CE005D5C71 /* Poppins-Bold.ttf in Resources */,
				76EFFFB42AC277CE005D5C71 /* Poppins-BlackItalic.ttf in Resources */,
				76EFFFC42AC277CE005D5C71 /* Poppins-ThinItalic.ttf in Resources */,
				76EFFFAE2AC277CE005D5C71 /* Poppins-BoldItalic.ttf in Resources */,
				76EFFFB22AC277CE005D5C71 /* Poppins-Regular.ttf in Resources */,
			);
			runOnlyForDeploymentPostprocessing = 0;
		};
		761FCCD02970F826000C46E8 /* Resources */ = {
			isa = PBXResourcesBuildPhase;
			buildActionMask = 2147483647;
			files = (
			);
			runOnlyForDeploymentPostprocessing = 0;
		};
		761FCCDB2970F826000C46E8 /* Resources */ = {
			isa = PBXResourcesBuildPhase;
			buildActionMask = 2147483647;
			files = (
			);
			runOnlyForDeploymentPostprocessing = 0;
		};
/* End PBXResourcesBuildPhase section */

/* Begin PBXSourcesBuildPhase section */
		761FCCBE2970F826000C46E8 /* Sources */ = {
			isa = PBXSourcesBuildPhase;
			buildActionMask = 2147483647;
			files = (
				764F53942AAEA00D00FD4A5F /* GameModel.swift in Sources */,
				761FCCE62970F826000C46E8 /* ContentView.swift in Sources */,
				76432EC52AA1742D0070CF4A /* TokenResponse.swift in Sources */,
				7685B5F029737C1A00313547 /* MapView.swift in Sources */,
				76432EC92AA1807B0070CF4A /* GetTokenManager.swift in Sources */,
				7685B5EC297337A600313547 /* LandmarkList.swift in Sources */,
				762B3B952985FF07005A41CB /* ProfileHost.swift in Sources */,
				764F53922AA5702C00FD4A5F /* MainLoadingView.swift in Sources */,
				762B3B932985FE23005A41CB /* Profile.swift in Sources */,
				76432EC72AA1751F0070CF4A /* GamesResponse.swift in Sources */,
				762B3B872984A937005A41CB /* FavoriteButton.swift in Sources */,
				762B3B8B2984B2EF005A41CB /* CategoryHome.swift in Sources */,
				7685B5E529732D7D00313547 /* ModelData.swift in Sources */,
				76958AF02988A32C00468995 /* ProfileEditor.swift in Sources */,
				761FCCE42970F826000C46E8 /* Metacritic_AppApp.swift in Sources */,
				762B3B9929860115005A41CB /* HikeBadge.swift in Sources */,
				7685B5F229737C5700313547 /* CircleImage.swift in Sources */,
				764F538C2AA2C2C200FD4A5F /* Keys.swift in Sources */,
				762B3B8F2984BBA1005A41CB /* CategoryItem.swift in Sources */,
				7685B5EA2973338A00313547 /* LandmarkRow.swift in Sources */,
				764F53962AB92E4B00FD4A5F /* GameRowItemView.swift in Sources */,
				7685B5E12973143E00313547 /* Landmark.swift in Sources */,
				764F53902AA2D0C300FD4A5F /* MainView.swift in Sources */,
				762B3B8D2984B8BB005A41CB /* CategoryRow.swift in Sources */,
				762B3B972985FF4E005A41CB /* ProfileSummary.swift in Sources */,
				7685B5EE29737BA000313547 /* LandmarkDetail.swift in Sources */,
			);
			runOnlyForDeploymentPostprocessing = 0;
		};
		761FCCC62970F826000C46E8 /* Sources */ = {
			isa = PBXSourcesBuildPhase;
			buildActionMask = 2147483647;
			files = (
				761FCCE52970F826000C46E8 /* Metacritic_AppApp.swift in Sources */,
			);
			runOnlyForDeploymentPostprocessing = 0;
		};
		761FCCCE2970F826000C46E8 /* Sources */ = {
			isa = PBXSourcesBuildPhase;
			buildActionMask = 2147483647;
			files = (
				761FCCD72970F826000C46E8 /* Tests_iOS.swift in Sources */,
			);
			runOnlyForDeploymentPostprocessing = 0;
		};
		761FCCD92970F826000C46E8 /* Sources */ = {
			isa = PBXSourcesBuildPhase;
			buildActionMask = 2147483647;
			files = (
				761FCCE22970F826000C46E8 /* Tests_macOS.swift in Sources */,
			);
			runOnlyForDeploymentPostprocessing = 0;
		};
/* End PBXSourcesBuildPhase section */

/* Begin PBXTargetDependency section */
		761FCCD42970F826000C46E8 /* PBXTargetDependency */ = {
			isa = PBXTargetDependency;
			target = 761FCCC12970F826000C46E8 /* Metacritic App (iOS) */;
			targetProxy = 761FCCD32970F826000C46E8 /* PBXContainerItemProxy */;
		};
		761FCCDF2970F826000C46E8 /* PBXTargetDependency */ = {
			isa = PBXTargetDependency;
			target = 761FCCC92970F826000C46E8 /* Metacritic App (macOS) */;
			targetProxy = 761FCCDE2970F826000C46E8 /* PBXContainerItemProxy */;
		};
/* End PBXTargetDependency section */

/* Begin XCBuildConfiguration section */
		761FCCEA2970F826000C46E8 /* Debug */ = {
			isa = XCBuildConfiguration;
			buildSettings = {
				ALWAYS_SEARCH_USER_PATHS = NO;
				ASSETCATALOG_COMPILER_GENERATE_SWIFT_ASSET_SYMBOL_EXTENSIONS = YES;
				CLANG_ANALYZER_NONNULL = YES;
				CLANG_ANALYZER_NUMBER_OBJECT_CONVERSION = YES_AGGRESSIVE;
				CLANG_CXX_LANGUAGE_STANDARD = "gnu++14";
				CLANG_CXX_LIBRARY = "libc++";
				CLANG_ENABLE_MODULES = YES;
				CLANG_ENABLE_OBJC_ARC = YES;
				CLANG_ENABLE_OBJC_WEAK = YES;
				CLANG_WARN_BLOCK_CAPTURE_AUTORELEASING = YES;
				CLANG_WARN_BOOL_CONVERSION = YES;
				CLANG_WARN_COMMA = YES;
				CLANG_WARN_CONSTANT_CONVERSION = YES;
				CLANG_WARN_DEPRECATED_OBJC_IMPLEMENTATIONS = YES;
				CLANG_WARN_DIRECT_OBJC_ISA_USAGE = YES_ERROR;
				CLANG_WARN_DOCUMENTATION_COMMENTS = YES;
				CLANG_WARN_EMPTY_BODY = YES;
				CLANG_WARN_ENUM_CONVERSION = YES;
				CLANG_WARN_INFINITE_RECURSION = YES;
				CLANG_WARN_INT_CONVERSION = YES;
				CLANG_WARN_NON_LITERAL_NULL_CONVERSION = YES;
				CLANG_WARN_OBJC_IMPLICIT_RETAIN_SELF = YES;
				CLANG_WARN_OBJC_LITERAL_CONVERSION = YES;
				CLANG_WARN_OBJC_ROOT_CLASS = YES_ERROR;
				CLANG_WARN_QUOTED_INCLUDE_IN_FRAMEWORK_HEADER = YES;
				CLANG_WARN_RANGE_LOOP_ANALYSIS = YES;
				CLANG_WARN_STRICT_PROTOTYPES = YES;
				CLANG_WARN_SUSPICIOUS_MOVE = YES;
				CLANG_WARN_UNGUARDED_AVAILABILITY = YES_AGGRESSIVE;
				CLANG_WARN_UNREACHABLE_CODE = YES;
				CLANG_WARN__DUPLICATE_METHOD_MATCH = YES;
				COPY_PHASE_STRIP = NO;
				DEAD_CODE_STRIPPING = YES;
				DEBUG_INFORMATION_FORMAT = dwarf;
				ENABLE_STRICT_OBJC_MSGSEND = YES;
				ENABLE_TESTABILITY = YES;
				ENABLE_USER_SCRIPT_SANDBOXING = YES;
				GCC_C_LANGUAGE_STANDARD = gnu11;
				GCC_DYNAMIC_NO_PIC = NO;
				GCC_NO_COMMON_BLOCKS = YES;
				GCC_OPTIMIZATION_LEVEL = 0;
				GCC_PREPROCESSOR_DEFINITIONS = (
					"DEBUG=1",
					"$(inherited)",
				);
				GCC_WARN_64_TO_32_BIT_CONVERSION = YES;
				GCC_WARN_ABOUT_RETURN_TYPE = YES_ERROR;
				GCC_WARN_UNDECLARED_SELECTOR = YES;
				GCC_WARN_UNINITIALIZED_AUTOS = YES_AGGRESSIVE;
				GCC_WARN_UNUSED_FUNCTION = YES;
				GCC_WARN_UNUSED_VARIABLE = YES;
				MTL_ENABLE_DEBUG_INFO = INCLUDE_SOURCE;
				MTL_FAST_MATH = YES;
				ONLY_ACTIVE_ARCH = YES;
				SWIFT_ACTIVE_COMPILATION_CONDITIONS = DEBUG;
				SWIFT_OPTIMIZATION_LEVEL = "-Onone";
			};
			name = Debug;
		};
		761FCCEB2970F826000C46E8 /* Release */ = {
			isa = XCBuildConfiguration;
			buildSettings = {
				ALWAYS_SEARCH_USER_PATHS = NO;
				ASSETCATALOG_COMPILER_GENERATE_SWIFT_ASSET_SYMBOL_EXTENSIONS = YES;
				CLANG_ANALYZER_NONNULL = YES;
				CLANG_ANALYZER_NUMBER_OBJECT_CONVERSION = YES_AGGRESSIVE;
				CLANG_CXX_LANGUAGE_STANDARD = "gnu++14";
				CLANG_CXX_LIBRARY = "libc++";
				CLANG_ENABLE_MODULES = YES;
				CLANG_ENABLE_OBJC_ARC = YES;
				CLANG_ENABLE_OBJC_WEAK = YES;
				CLANG_WARN_BLOCK_CAPTURE_AUTORELEASING = YES;
				CLANG_WARN_BOOL_CONVERSION = YES;
				CLANG_WARN_COMMA = YES;
				CLANG_WARN_CONSTANT_CONVERSION = YES;
				CLANG_WARN_DEPRECATED_OBJC_IMPLEMENTATIONS = YES;
				CLANG_WARN_DIRECT_OBJC_ISA_USAGE = YES_ERROR;
				CLANG_WARN_DOCUMENTATION_COMMENTS = YES;
				CLANG_WARN_EMPTY_BODY = YES;
				CLANG_WARN_ENUM_CONVERSION = YES;
				CLANG_WARN_INFINITE_RECURSION = YES;
				CLANG_WARN_INT_CONVERSION = YES;
				CLANG_WARN_NON_LITERAL_NULL_CONVERSION = YES;
				CLANG_WARN_OBJC_IMPLICIT_RETAIN_SELF = YES;
				CLANG_WARN_OBJC_LITERAL_CONVERSION = YES;
				CLANG_WARN_OBJC_ROOT_CLASS = YES_ERROR;
				CLANG_WARN_QUOTED_INCLUDE_IN_FRAMEWORK_HEADER = YES;
				CLANG_WARN_RANGE_LOOP_ANALYSIS = YES;
				CLANG_WARN_STRICT_PROTOTYPES = YES;
				CLANG_WARN_SUSPICIOUS_MOVE = YES;
				CLANG_WARN_UNGUARDED_AVAILABILITY = YES_AGGRESSIVE;
				CLANG_WARN_UNREACHABLE_CODE = YES;
				CLANG_WARN__DUPLICATE_METHOD_MATCH = YES;
				COPY_PHASE_STRIP = NO;
				DEAD_CODE_STRIPPING = YES;
				DEBUG_INFORMATION_FORMAT = "dwarf-with-dsym";
				ENABLE_NS_ASSERTIONS = NO;
				ENABLE_STRICT_OBJC_MSGSEND = YES;
				ENABLE_USER_SCRIPT_SANDBOXING = YES;
				GCC_C_LANGUAGE_STANDARD = gnu11;
				GCC_NO_COMMON_BLOCKS = YES;
				GCC_WARN_64_TO_32_BIT_CONVERSION = YES;
				GCC_WARN_ABOUT_RETURN_TYPE = YES_ERROR;
				GCC_WARN_UNDECLARED_SELECTOR = YES;
				GCC_WARN_UNINITIALIZED_AUTOS = YES_AGGRESSIVE;
				GCC_WARN_UNUSED_FUNCTION = YES;
				GCC_WARN_UNUSED_VARIABLE = YES;
				MTL_ENABLE_DEBUG_INFO = NO;
				MTL_FAST_MATH = YES;
				SWIFT_COMPILATION_MODE = wholemodule;
				SWIFT_OPTIMIZATION_LEVEL = "-O";
			};
			name = Release;
		};
		761FCCED2970F826000C46E8 /* Debug */ = {
			isa = XCBuildConfiguration;
			buildSettings = {
				ASSETCATALOG_COMPILER_APPICON_NAME = AppIcon;
				ASSETCATALOG_COMPILER_GLOBAL_ACCENT_COLOR_NAME = AccentColor;
				CODE_SIGN_STYLE = Automatic;
				ENABLE_PREVIEWS = YES;
				INFOPLIST_FILE = iOS/Info.plist;
				IPHONEOS_DEPLOYMENT_TARGET = 16.0;
				LD_RUNPATH_SEARCH_PATHS = (
					"$(inherited)",
					"@executable_path/Frameworks",
				);
				PRODUCT_BUNDLE_IDENTIFIER = "pe.gadolfolozano.metacriticapp.Metacritic-App";
				PRODUCT_NAME = "Metacritic App";
				SDKROOT = iphoneos;
				SWIFT_VERSION = 5.0;
				TARGETED_DEVICE_FAMILY = "1,2";
			};
			name = Debug;
		};
		761FCCEE2970F826000C46E8 /* Release */ = {
			isa = XCBuildConfiguration;
			buildSettings = {
				ASSETCATALOG_COMPILER_APPICON_NAME = AppIcon;
				ASSETCATALOG_COMPILER_GLOBAL_ACCENT_COLOR_NAME = AccentColor;
				CODE_SIGN_STYLE = Automatic;
				ENABLE_PREVIEWS = YES;
				INFOPLIST_FILE = iOS/Info.plist;
				IPHONEOS_DEPLOYMENT_TARGET = 16.0;
				LD_RUNPATH_SEARCH_PATHS = (
					"$(inherited)",
					"@executable_path/Frameworks",
				);
				PRODUCT_BUNDLE_IDENTIFIER = "pe.gadolfolozano.metacriticapp.Metacritic-App";
				PRODUCT_NAME = "Metacritic App";
				SDKROOT = iphoneos;
				SWIFT_VERSION = 5.0;
				TARGETED_DEVICE_FAMILY = "1,2";
				VALIDATE_PRODUCT = YES;
			};
			name = Release;
		};
		761FCCF02970F826000C46E8 /* Debug */ = {
			isa = XCBuildConfiguration;
			buildSettings = {
				ASSETCATALOG_COMPILER_APPICON_NAME = AppIcon;
				ASSETCATALOG_COMPILER_GLOBAL_ACCENT_COLOR_NAME = AccentColor;
				CODE_SIGN_ENTITLEMENTS = macOS/macOS.entitlements;
				CODE_SIGN_STYLE = Automatic;
				COMBINE_HIDPI_IMAGES = YES;
				DEAD_CODE_STRIPPING = YES;
				ENABLE_PREVIEWS = YES;
				INFOPLIST_FILE = macOS/Info.plist;
				LD_RUNPATH_SEARCH_PATHS = (
					"$(inherited)",
					"@executable_path/../Frameworks",
				);
				MACOSX_DEPLOYMENT_TARGET = 11.0;
				PRODUCT_BUNDLE_IDENTIFIER = "pe.gadolfolozano.metacriticapp.Metacritic-App";
				PRODUCT_NAME = "Metacritic App";
				SDKROOT = macosx;
				SWIFT_VERSION = 5.0;
			};
			name = Debug;
		};
		761FCCF12970F826000C46E8 /* Release */ = {
			isa = XCBuildConfiguration;
			buildSettings = {
				ASSETCATALOG_COMPILER_APPICON_NAME = AppIcon;
				ASSETCATALOG_COMPILER_GLOBAL_ACCENT_COLOR_NAME = AccentColor;
				CODE_SIGN_ENTITLEMENTS = macOS/macOS.entitlements;
				CODE_SIGN_STYLE = Automatic;
				COMBINE_HIDPI_IMAGES = YES;
				DEAD_CODE_STRIPPING = YES;
				ENABLE_PREVIEWS = YES;
				INFOPLIST_FILE = macOS/Info.plist;
				LD_RUNPATH_SEARCH_PATHS = (
					"$(inherited)",
					"@executable_path/../Frameworks",
				);
				MACOSX_DEPLOYMENT_TARGET = 11.0;
				PRODUCT_BUNDLE_IDENTIFIER = "pe.gadolfolozano.metacriticapp.Metacritic-App";
				PRODUCT_NAME = "Metacritic App";
				SDKROOT = macosx;
				SWIFT_VERSION = 5.0;
			};
			name = Release;
		};
		761FCCF32970F826000C46E8 /* Debug */ = {
			isa = XCBuildConfiguration;
			buildSettings = {
				ALWAYS_EMBED_SWIFT_STANDARD_LIBRARIES = YES;
				CODE_SIGN_STYLE = Automatic;
				INFOPLIST_FILE = "Tests iOS/Info.plist";
				IPHONEOS_DEPLOYMENT_TARGET = 14.5;
				LD_RUNPATH_SEARCH_PATHS = (
					"$(inherited)",
					"@executable_path/Frameworks",
					"@loader_path/Frameworks",
				);
				PRODUCT_BUNDLE_IDENTIFIER = "pe.gadolfolozano.metacriticapp.Tests-iOS";
				PRODUCT_NAME = "$(TARGET_NAME)";
				SDKROOT = iphoneos;
				SWIFT_VERSION = 5.0;
				TARGETED_DEVICE_FAMILY = "1,2";
				TEST_TARGET_NAME = "Metacritic App (iOS)";
			};
			name = Debug;
		};
		761FCCF42970F826000C46E8 /* Release */ = {
			isa = XCBuildConfiguration;
			buildSettings = {
				ALWAYS_EMBED_SWIFT_STANDARD_LIBRARIES = YES;
				CODE_SIGN_STYLE = Automatic;
				INFOPLIST_FILE = "Tests iOS/Info.plist";
				IPHONEOS_DEPLOYMENT_TARGET = 14.5;
				LD_RUNPATH_SEARCH_PATHS = (
					"$(inherited)",
					"@executable_path/Frameworks",
					"@loader_path/Frameworks",
				);
				PRODUCT_BUNDLE_IDENTIFIER = "pe.gadolfolozano.metacriticapp.Tests-iOS";
				PRODUCT_NAME = "$(TARGET_NAME)";
				SDKROOT = iphoneos;
				SWIFT_VERSION = 5.0;
				TARGETED_DEVICE_FAMILY = "1,2";
				TEST_TARGET_NAME = "Metacritic App (iOS)";
				VALIDATE_PRODUCT = YES;
			};
			name = Release;
		};
		761FCCF62970F826000C46E8 /* Debug */ = {
			isa = XCBuildConfiguration;
			buildSettings = {
				ALWAYS_EMBED_SWIFT_STANDARD_LIBRARIES = YES;
				CODE_SIGN_STYLE = Automatic;
				COMBINE_HIDPI_IMAGES = YES;
				DEAD_CODE_STRIPPING = YES;
				INFOPLIST_FILE = "Tests macOS/Info.plist";
				LD_RUNPATH_SEARCH_PATHS = (
					"$(inherited)",
					"@executable_path/../Frameworks",
					"@loader_path/../Frameworks",
				);
				MACOSX_DEPLOYMENT_TARGET = 11.3;
				PRODUCT_BUNDLE_IDENTIFIER = "pe.gadolfolozano.metacriticapp.Tests-macOS";
				PRODUCT_NAME = "$(TARGET_NAME)";
				SDKROOT = macosx;
				SWIFT_VERSION = 5.0;
				TEST_TARGET_NAME = "Metacritic App (macOS)";
			};
			name = Debug;
		};
		761FCCF72970F826000C46E8 /* Release */ = {
			isa = XCBuildConfiguration;
			buildSettings = {
				ALWAYS_EMBED_SWIFT_STANDARD_LIBRARIES = YES;
				CODE_SIGN_STYLE = Automatic;
				COMBINE_HIDPI_IMAGES = YES;
				DEAD_CODE_STRIPPING = YES;
				INFOPLIST_FILE = "Tests macOS/Info.plist";
				LD_RUNPATH_SEARCH_PATHS = (
					"$(inherited)",
					"@executable_path/../Frameworks",
					"@loader_path/../Frameworks",
				);
				MACOSX_DEPLOYMENT_TARGET = 11.3;
				PRODUCT_BUNDLE_IDENTIFIER = "pe.gadolfolozano.metacriticapp.Tests-macOS";
				PRODUCT_NAME = "$(TARGET_NAME)";
				SDKROOT = macosx;
				SWIFT_VERSION = 5.0;
				TEST_TARGET_NAME = "Metacritic App (macOS)";
			};
			name = Release;
		};
/* End XCBuildConfiguration section */

/* Begin XCConfigurationList section */
		761FCCB92970F821000C46E8 /* Build configuration list for PBXProject "Metacritic App" */ = {
			isa = XCConfigurationList;
			buildConfigurations = (
				761FCCEA2970F826000C46E8 /* Debug */,
				761FCCEB2970F826000C46E8 /* Release */,
			);
			defaultConfigurationIsVisible = 0;
			defaultConfigurationName = Release;
		};
		761FCCEC2970F826000C46E8 /* Build configuration list for PBXNativeTarget "Metacritic App (iOS)" */ = {
			isa = XCConfigurationList;
			buildConfigurations = (
				761FCCED2970F826000C46E8 /* Debug */,
				761FCCEE2970F826000C46E8 /* Release */,
			);
			defaultConfigurationIsVisible = 0;
			defaultConfigurationName = Release;
		};
		761FCCEF2970F826000C46E8 /* Build configuration list for PBXNativeTarget "Metacritic App (macOS)" */ = {
			isa = XCConfigurationList;
			buildConfigurations = (
				761FCCF02970F826000C46E8 /* Debug */,
				761FCCF12970F826000C46E8 /* Release */,
			);
			defaultConfigurationIsVisible = 0;
			defaultConfigurationName = Release;
		};
		761FCCF22970F826000C46E8 /* Build configuration list for PBXNativeTarget "Tests iOS" */ = {
			isa = XCConfigurationList;
			buildConfigurations = (
				761FCCF32970F826000C46E8 /* Debug */,
				761FCCF42970F826000C46E8 /* Release */,
			);
			defaultConfigurationIsVisible = 0;
			defaultConfigurationName = Release;
		};
		761FCCF52970F826000C46E8 /* Build configuration list for PBXNativeTarget "Tests macOS" */ = {
			isa = XCConfigurationList;
			buildConfigurations = (
				761FCCF62970F826000C46E8 /* Debug */,
				761FCCF72970F826000C46E8 /* Release */,
			);
			defaultConfigurationIsVisible = 0;
			defaultConfigurationName = Release;
		};
/* End XCConfigurationList section */
	};
	rootObject = 761FCCB62970F821000C46E8 /* Project object */;
}
